
Microsoft Visual Studio Solution File, Format Version 12.00
# Visual Studio 2012
Project("{FAE04EC0-301F-11D3-BF4B-00C04F79EFBC}") = "TheKitchenSink", "TheKitchenSink.csproj", "{27F2EB2F-0DFC-4C60-9FCE-EAA581DB2E65}"
EndProject
Global
	GlobalSection(SolutionConfigurationPlatforms) = preSolution
		Debug|Any CPU = Debug|Any CPU
		Release|Any CPU = Release|Any CPU
	EndGlobalSection
	GlobalSection(ProjectConfigurationPlatforms) = postSolution
		{27F2EB2F-0DFC-4C60-9FCE-EAA581DB2E65}.Debug|Any CPU.ActiveCfg = Debug|Any CPU
		{27F2EB2F-0DFC-4C60-9FCE-EAA581DB2E65}.Debug|Any CPU.Build.0 = Debug|Any CPU
		{27F2EB2F-0DFC-4C60-9FCE-EAA581DB2E65}.Release|Any CPU.ActiveCfg = Release|Any CPU
		{27F2EB2F-0DFC-4C60-9FCE-EAA581DB2E65}.Release|Any CPU.Build.0 = Release|Any CPU
	EndGlobalSection
	GlobalSection(SolutionProperties) = preSolution
		HideSolutionNode = FALSE
	EndGlobalSection
EndGlobal
