
Microsoft Visual Studio Solution File, Format Version 12.00
# Visual Studio 2012
Project("{FAE04EC0-301F-11D3-BF4B-00C04F79EFBC}") = "PatientHistory.Infrastructure", "PatientHistory.Infrastructure\PatientHistory.Infrastructure.csproj", "{E4B336D4-C643-43B4-8E68-374D305365F7}"
EndProject
Project("{FAE04EC0-301F-11D3-BF4B-00C04F79EFBC}") = "PatientHistory.Core", "PatientHistory.Core\PatientHistory.Core.csproj", "{C4A1B17B-9D31-443C-9857-7FBB1D348261}"
EndProject
Project("{2150E333-8FDC-42A3-9474-1A3956D46DE8}") = "Solution Items", "Solution Items", "{64293A70-0B0F-4A95-89AC-2A904950B054}"
	ProjectSection(SolutionItems) = preProject
		AboutThisSolution.txt = AboutThisSolution.txt
	EndProjectSection
EndProject
Project("{FAE04EC0-301F-11D3-BF4B-00C04F79EFBC}") = "PatientHistory.WebAPI", "PatientHistory.WebAPI\PatientHistory.WebAPI.csproj", "{B0B9CA01-3B17-4361-A0A0-75190BA09808}"
EndProject
Project("{FAE04EC0-301F-11D3-BF4B-00C04F79EFBC}") = "PatientHistory.UnitTests", "PatientHistory.UnitTests\PatientHistory.UnitTests.csproj", "{FA534AA9-801A-4E63-9749-9E5288EB3DE3}"
EndProject
Project("{2150E333-8FDC-42A3-9474-1A3956D46DE8}") = ".nuget", ".nuget", "{AEB4F2B3-FCB0-453F-AACA-9B718B12D34E}"
	ProjectSection(SolutionItems) = preProject
		.nuget\NuGet.Config = .nuget\NuGet.Config
		.nuget\NuGet.exe = .nuget\NuGet.exe
		.nuget\NuGet.targets = .nuget\NuGet.targets
	EndProjectSection
EndProject
Global
	GlobalSection(SolutionConfigurationPlatforms) = preSolution
		Debug|Any CPU = Debug|Any CPU
		Release|Any CPU = Release|Any CPU
	EndGlobalSection
	GlobalSection(ProjectConfigurationPlatforms) = postSolution
		{E4B336D4-C643-43B4-8E68-374D305365F7}.Debug|Any CPU.ActiveCfg = Debug|Any CPU
		{E4B336D4-C643-43B4-8E68-374D305365F7}.Debug|Any CPU.Build.0 = Debug|Any CPU
		{E4B336D4-C643-43B4-8E68-374D305365F7}.Release|Any CPU.ActiveCfg = Release|Any CPU
		{E4B336D4-C643-43B4-8E68-374D305365F7}.Release|Any CPU.Build.0 = Release|Any CPU
		{C4A1B17B-9D31-443C-9857-7FBB1D348261}.Debug|Any CPU.ActiveCfg = Debug|Any CPU
		{C4A1B17B-9D31-443C-9857-7FBB1D348261}.Debug|Any CPU.Build.0 = Debug|Any CPU
		{C4A1B17B-9D31-443C-9857-7FBB1D348261}.Release|Any CPU.ActiveCfg = Release|Any CPU
		{C4A1B17B-9D31-443C-9857-7FBB1D348261}.Release|Any CPU.Build.0 = Release|Any CPU
		{B0B9CA01-3B17-4361-A0A0-75190BA09808}.Debug|Any CPU.ActiveCfg = Debug|Any CPU
		{B0B9CA01-3B17-4361-A0A0-75190BA09808}.Debug|Any CPU.Build.0 = Debug|Any CPU
		{B0B9CA01-3B17-4361-A0A0-75190BA09808}.Release|Any CPU.ActiveCfg = Release|Any CPU
		{B0B9CA01-3B17-4361-A0A0-75190BA09808}.Release|Any CPU.Build.0 = Release|Any CPU
		{FA534AA9-801A-4E63-9749-9E5288EB3DE3}.Debug|Any CPU.ActiveCfg = Debug|Any CPU
		{FA534AA9-801A-4E63-9749-9E5288EB3DE3}.Debug|Any CPU.Build.0 = Debug|Any CPU
		{FA534AA9-801A-4E63-9749-9E5288EB3DE3}.Release|Any CPU.ActiveCfg = Release|Any CPU
		{FA534AA9-801A-4E63-9749-9E5288EB3DE3}.Release|Any CPU.Build.0 = Release|Any CPU
	EndGlobalSection
	GlobalSection(SolutionProperties) = preSolution
		HideSolutionNode = FALSE
	EndGlobalSection
EndGlobal
