
Microsoft Visual Studio Solution File, Format Version 12.00
# Visual Studio 2012
Project("{FAE04EC0-301F-11D3-BF4B-00C04F79EFBC}") = "Infrastructure", "Infrastructure\Repository\Infrastructure.csproj", "{E4B336D4-C643-43B4-8E68-374D305365F7}"
EndProject
Project("{2150E333-8FDC-42A3-9474-1A3956D46DE8}") = "Infrastructure", "Infrastructure", "{FA3561A8-2D0B-4C68-BA71-4856068A4B71}"
EndProject
Project("{2150E333-8FDC-42A3-9474-1A3956D46DE8}") = "Domain", "Domain", "{48013654-9455-4BDF-A8FE-3FB2A7689E04}"
EndProject
Project("{FAE04EC0-301F-11D3-BF4B-00C04F79EFBC}") = "PatientHistoryDomain", "PatientHistoryDomain\PatientHistoryDomain.csproj", "{C4A1B17B-9D31-443C-9857-7FBB1D348261}"
EndProject
Project("{2150E333-8FDC-42A3-9474-1A3956D46DE8}") = "Tests", "Tests", "{735E3458-D27C-4DAF-A846-C3851488314D}"
EndProject
Project("{FAE04EC0-301F-11D3-BF4B-00C04F79EFBC}") = "TestsAndSpecs", "TestsAndSpecs\TestsAndSpecs\TestsAndSpecs.csproj", "{FA534AA9-801A-4E63-9749-9E5288EB3DE3}"
EndProject
Project("{2150E333-8FDC-42A3-9474-1A3956D46DE8}") = "Solution Items", "Solution Items", "{64293A70-0B0F-4A95-89AC-2A904950B054}"
	ProjectSection(SolutionItems) = preProject
		AboutThisSolution.txt = AboutThisSolution.txt
	EndProjectSection
EndProject
Global
	GlobalSection(SolutionConfigurationPlatforms) = preSolution
		Debug|Any CPU = Debug|Any CPU
		Release|Any CPU = Release|Any CPU
	EndGlobalSection
	GlobalSection(ProjectConfigurationPlatforms) = postSolution
		{E4B336D4-C643-43B4-8E68-374D305365F7}.Debug|Any CPU.ActiveCfg = Debug|Any CPU
		{E4B336D4-C643-43B4-8E68-374D305365F7}.Debug|Any CPU.Build.0 = Debug|Any CPU
		{E4B336D4-C643-43B4-8E68-374D305365F7}.Release|Any CPU.ActiveCfg = Release|Any CPU
		{E4B336D4-C643-43B4-8E68-374D305365F7}.Release|Any CPU.Build.0 = Release|Any CPU
		{C4A1B17B-9D31-443C-9857-7FBB1D348261}.Debug|Any CPU.ActiveCfg = Debug|Any CPU
		{C4A1B17B-9D31-443C-9857-7FBB1D348261}.Debug|Any CPU.Build.0 = Debug|Any CPU
		{C4A1B17B-9D31-443C-9857-7FBB1D348261}.Release|Any CPU.ActiveCfg = Release|Any CPU
		{C4A1B17B-9D31-443C-9857-7FBB1D348261}.Release|Any CPU.Build.0 = Release|Any CPU
		{FA534AA9-801A-4E63-9749-9E5288EB3DE3}.Debug|Any CPU.ActiveCfg = Debug|Any CPU
		{FA534AA9-801A-4E63-9749-9E5288EB3DE3}.Debug|Any CPU.Build.0 = Debug|Any CPU
		{FA534AA9-801A-4E63-9749-9E5288EB3DE3}.Release|Any CPU.ActiveCfg = Release|Any CPU
		{FA534AA9-801A-4E63-9749-9E5288EB3DE3}.Release|Any CPU.Build.0 = Release|Any CPU
	EndGlobalSection
	GlobalSection(SolutionProperties) = preSolution
		HideSolutionNode = FALSE
	EndGlobalSection
	GlobalSection(NestedProjects) = preSolution
		{E4B336D4-C643-43B4-8E68-374D305365F7} = {FA3561A8-2D0B-4C68-BA71-4856068A4B71}
		{C4A1B17B-9D31-443C-9857-7FBB1D348261} = {48013654-9455-4BDF-A8FE-3FB2A7689E04}
		{FA534AA9-801A-4E63-9749-9E5288EB3DE3} = {735E3458-D27C-4DAF-A846-C3851488314D}
	EndGlobalSection
EndGlobal
